
Microsoft Visual Studio Solution File, Format Version 12.00
# Visual Studio Version 16
VisualStudioVersion = 16.0.31515.178
MinimumVisualStudioVersion = 10.0.40219.1
Project("{888888A0-9F3D-457C-B088-3A5042F75D52}") = "TEMPCA", "TEMPCA.pyproj", "{0FCF3ED1-9F9A-4CC6-8651-A7AEF16528A4}"
EndProject
Global
	GlobalSection(SolutionConfigurationPlatforms) = preSolution
		Debug|Any CPU = Debug|Any CPU
		Release|Any CPU = Release|Any CPU
	EndGlobalSection
	GlobalSection(ProjectConfigurationPlatforms) = postSolution
		{0FCF3ED1-9F9A-4CC6-8651-A7AEF16528A4}.Debug|Any CPU.ActiveCfg = Debug|Any CPU
		{0FCF3ED1-9F9A-4CC6-8651-A7AEF16528A4}.Release|Any CPU.ActiveCfg = Release|Any CPU
	EndGlobalSection
	GlobalSection(SolutionProperties) = preSolution
		HideSolutionNode = FALSE
	EndGlobalSection
	GlobalSection(ExtensibilityGlobals) = postSolution
		SolutionGuid = {C9687A40-C605-4685-9D24-2337898E4E10}
	EndGlobalSection
EndGlobal
